
Microsoft Visual Studio Solution File, Format Version 12.00
# Visual Studio 15
Project("{FAE04EC0-301F-11D3-BF4B-00C04F79EFBC}") = "NewTopics.Android", "NewTopics.Android\NewTopics.Android.csproj", "{24CE3C36-16B9-426D-AA0C-5961ECF8D88C}"
EndProject
Project("{FAE04EC0-301F-11D3-BF4B-00C04F79EFBC}") = "NewTopics.iOS", "NewTopics.iOS\NewTopics.iOS.csproj", "{72F4BF15-1906-48C0-B0AC-718C791057BA}"
EndProject
Project("{FAE04EC0-301F-11D3-BF4B-00C04F79EFBC}") = "NewTopics", "NewTopics\NewTopics.csproj", "{7BCCE009-2342-4C46-ABDE-154A55933B33}"
EndProject
Global
	GlobalSection(SolutionConfigurationPlatforms) = preSolution
		Debug|Any CPU = Debug|Any CPU
		Release|Any CPU = Release|Any CPU
		Debug|iPhoneSimulator = Debug|iPhoneSimulator
		Release|iPhoneSimulator = Release|iPhoneSimulator
		Debug|iPhone = Debug|iPhone
		Release|iPhone = Release|iPhone
	EndGlobalSection
	GlobalSection(ProjectConfigurationPlatforms) = postSolution
		{24CE3C36-16B9-426D-AA0C-5961ECF8D88C}.Debug|Any CPU.ActiveCfg = Debug|Any CPU
		{24CE3C36-16B9-426D-AA0C-5961ECF8D88C}.Debug|Any CPU.Build.0 = Debug|Any CPU
		{24CE3C36-16B9-426D-AA0C-5961ECF8D88C}.Release|Any CPU.ActiveCfg = Release|Any CPU
		{24CE3C36-16B9-426D-AA0C-5961ECF8D88C}.Release|Any CPU.Build.0 = Release|Any CPU
		{24CE3C36-16B9-426D-AA0C-5961ECF8D88C}.Debug|iPhoneSimulator.ActiveCfg = Debug|Any CPU
		{24CE3C36-16B9-426D-AA0C-5961ECF8D88C}.Debug|iPhoneSimulator.Build.0 = Debug|Any CPU
		{24CE3C36-16B9-426D-AA0C-5961ECF8D88C}.Release|iPhoneSimulator.ActiveCfg = Release|Any CPU
		{24CE3C36-16B9-426D-AA0C-5961ECF8D88C}.Release|iPhoneSimulator.Build.0 = Release|Any CPU
		{24CE3C36-16B9-426D-AA0C-5961ECF8D88C}.Debug|iPhone.ActiveCfg = Debug|Any CPU
		{24CE3C36-16B9-426D-AA0C-5961ECF8D88C}.Debug|iPhone.Build.0 = Debug|Any CPU
		{24CE3C36-16B9-426D-AA0C-5961ECF8D88C}.Release|iPhone.ActiveCfg = Release|Any CPU
		{24CE3C36-16B9-426D-AA0C-5961ECF8D88C}.Release|iPhone.Build.0 = Release|Any CPU
		{72F4BF15-1906-48C0-B0AC-718C791057BA}.Debug|Any CPU.ActiveCfg = Debug|iPhoneSimulator
		{72F4BF15-1906-48C0-B0AC-718C791057BA}.Debug|Any CPU.Build.0 = Debug|iPhoneSimulator
		{72F4BF15-1906-48C0-B0AC-718C791057BA}.Release|Any CPU.ActiveCfg = Release|iPhoneSimulator
		{72F4BF15-1906-48C0-B0AC-718C791057BA}.Release|Any CPU.Build.0 = Release|iPhoneSimulator
		{72F4BF15-1906-48C0-B0AC-718C791057BA}.Debug|iPhoneSimulator.ActiveCfg = Debug|iPhoneSimulator
		{72F4BF15-1906-48C0-B0AC-718C791057BA}.Debug|iPhoneSimulator.Build.0 = Debug|iPhoneSimulator
		{72F4BF15-1906-48C0-B0AC-718C791057BA}.Release|iPhoneSimulator.ActiveCfg = Release|iPhoneSimulator
		{72F4BF15-1906-48C0-B0AC-718C791057BA}.Release|iPhoneSimulator.Build.0 = Release|iPhoneSimulator
		{72F4BF15-1906-48C0-B0AC-718C791057BA}.Debug|iPhone.ActiveCfg = Debug|iPhone
		{72F4BF15-1906-48C0-B0AC-718C791057BA}.Debug|iPhone.Build.0 = Debug|iPhone
		{72F4BF15-1906-48C0-B0AC-718C791057BA}.Release|iPhone.ActiveCfg = Release|iPhone
		{72F4BF15-1906-48C0-B0AC-718C791057BA}.Release|iPhone.Build.0 = Release|iPhone
		{7BCCE009-2342-4C46-ABDE-154A55933B33}.Debug|Any CPU.ActiveCfg = Debug|Any CPU
		{7BCCE009-2342-4C46-ABDE-154A55933B33}.Debug|Any CPU.Build.0 = Debug|Any CPU
		{7BCCE009-2342-4C46-ABDE-154A55933B33}.Release|Any CPU.ActiveCfg = Release|Any CPU
		{7BCCE009-2342-4C46-ABDE-154A55933B33}.Release|Any CPU.Build.0 = Release|Any CPU
		{7BCCE009-2342-4C46-ABDE-154A55933B33}.Debug|iPhoneSimulator.ActiveCfg = Debug|Any CPU
		{7BCCE009-2342-4C46-ABDE-154A55933B33}.Debug|iPhoneSimulator.Build.0 = Debug|Any CPU
		{7BCCE009-2342-4C46-ABDE-154A55933B33}.Release|iPhoneSimulator.ActiveCfg = Release|Any CPU
		{7BCCE009-2342-4C46-ABDE-154A55933B33}.Release|iPhoneSimulator.Build.0 = Release|Any CPU
		{7BCCE009-2342-4C46-ABDE-154A55933B33}.Debug|iPhone.ActiveCfg = Debug|Any CPU
		{7BCCE009-2342-4C46-ABDE-154A55933B33}.Debug|iPhone.Build.0 = Debug|Any CPU
		{7BCCE009-2342-4C46-ABDE-154A55933B33}.Release|iPhone.ActiveCfg = Release|Any CPU
		{7BCCE009-2342-4C46-ABDE-154A55933B33}.Release|iPhone.Build.0 = Release|Any CPU
	EndGlobalSection
EndGlobal
